# This file is generated by running "yarn install" inside your project.
# Manual changes might be lost - proceed with caution!

__metadata:
  version: 8
  cacheKey: 10c0

"@openzeppelin/contracts-upgradeable@npm:^5.0.2":
  version: 5.0.2
  resolution: "@openzeppelin/contracts-upgradeable@npm:5.0.2"
  peerDependencies:
    "@openzeppelin/contracts": 5.0.2
  checksum: 10c0/0bd47a4fa0ba8084c1df9573968ff02387bc21514d846b5feb4ad42f90f3ba26bb1e40f17f03e4fa24ffbe473b9ea06c137283297884ab7d5b98d2c112904dc9
  languageName: node
  linkType: hard

"@openzeppelin/contracts@npm:^5.0.2":
  version: 5.0.2
  resolution: "@openzeppelin/contracts@npm:5.0.2"
  checksum: 10c0/d042661db7bb2f3a4b9ef30bba332e86ac20907d171f2ebfccdc9255cc69b62786fead8d6904b8148a8f26946bc7c15eead91b95f75db0c193a99d52e528663e
  languageName: node
  linkType: hard

"forge-std@github:foundry-rs/forge-std#v1.8.1":
  version: 1.7.6
  resolution: "forge-std@https://github.com/foundry-rs/forge-std.git#commit=bb4ceea94d6f10eeb5b41dc2391c6c8bf8e734ef"
  checksum: 10c0/c8e2cc56d8322b1da13c82b12d77cad86235e88998c58139882212f4890edf0462d4fa808ac1c1b59c6edde705f0a2aa2071efff8772e9de0dc2ab35c9c8d139
  languageName: node
  linkType: hard

"greencoin-contracts@workspace:.":
  version: 0.0.0-use.local
  resolution: "greencoin-contracts@workspace:."
  dependencies:
    "@openzeppelin/contracts": "npm:^5.0.2"
    "@openzeppelin/contracts-upgradeable": "npm:^5.0.2"
    forge-std: "github:foundry-rs/forge-std#v1.8.1"
  languageName: unknown
  linkType: soft
