# This file is generated by running "yarn install" inside your project.
# Manual changes might be lost - proceed with caution!

__metadata:
  version: 8
  cacheKey: 10c0

"@openzeppelin/contracts-upgradeable@npm:^5.0.2":
  version: 5.0.2
  resolution: "@openzeppelin/contracts-upgradeable@npm:5.0.2"
  peerDependencies:
    "@openzeppelin/contracts": 5.0.2
  checksum: 10c0/0bd47a4fa0ba8084c1df9573968ff02387bc21514d846b5feb4ad42f90f3ba26bb1e40f17f03e4fa24ffbe473b9ea06c137283297884ab7d5b98d2c112904dc9
  languageName: node
  linkType: hard

"@openzeppelin/contracts@npm:^5.0.2":
  version: 5.0.2
  resolution: "@openzeppelin/contracts@npm:5.0.2"
  checksum: 10c0/d042661db7bb2f3a4b9ef30bba332e86ac20907d171f2ebfccdc9255cc69b62786fead8d6904b8148a8f26946bc7c15eead91b95f75db0c193a99d52e528663e
  languageName: node
  linkType: hard

"@uniswap/lib@npm:1.1.1":
  version: 1.1.1
  resolution: "@uniswap/lib@npm:1.1.1"
  checksum: 10c0/a70c14e6d9fb1f63f6d66d5190772f7069eccf12984f67e903224e0ad874472c5d96db2842558a12c170489125b2a7dad333bccf9ac3278d2de4492201f33de0
  languageName: node
  linkType: hard

"@uniswap/v2-core@npm:1.0.0":
  version: 1.0.0
  resolution: "@uniswap/v2-core@npm:1.0.0"
  checksum: 10c0/43bb34b91a0ba68152f3e7b734a538dd3d7a3cd8351d8caf0c78b65549ed3f90cc77a8af8b33d22502769157028961f128a7b5e6054bf77010abbddd0dbf6bce
  languageName: node
  linkType: hard

"@uniswap/v2-periphery@npm:^1.1.0-beta.0":
  version: 1.1.0-beta.0
  resolution: "@uniswap/v2-periphery@npm:1.1.0-beta.0"
  dependencies:
    "@uniswap/lib": "npm:1.1.1"
    "@uniswap/v2-core": "npm:1.0.0"
  checksum: 10c0/45a7ee4f1fd1d534afab97323a2590f8b7ef6373fbb9df82f833de6167b7776592165621106b67818c4a2743bf7b713033cf9a47fa28cf4452cb3b901a5e4ba5
  languageName: node
  linkType: hard

"forge-std@github:foundry-rs/forge-std#v1.8.1":
  version: 1.7.6
  resolution: "forge-std@https://github.com/foundry-rs/forge-std.git#commit=bb4ceea94d6f10eeb5b41dc2391c6c8bf8e734ef"
  checksum: 10c0/c8e2cc56d8322b1da13c82b12d77cad86235e88998c58139882212f4890edf0462d4fa808ac1c1b59c6edde705f0a2aa2071efff8772e9de0dc2ab35c9c8d139
  languageName: node
  linkType: hard

"greencoin-contracts@workspace:.":
  version: 0.0.0-use.local
  resolution: "greencoin-contracts@workspace:."
  dependencies:
    "@openzeppelin/contracts": "npm:^5.0.2"
    "@openzeppelin/contracts-upgradeable": "npm:^5.0.2"
    "@uniswap/v2-periphery": "npm:^1.1.0-beta.0"
    forge-std: "github:foundry-rs/forge-std#v1.8.1"
  languageName: unknown
  linkType: soft
